<?xml version="1.0" encoding="UTF-8"?>
<Project ToolsVersion="14.0" xmlns="http://schemas.microsoft.com/developer/msbuild/2003">
  <ItemGroup>
    <CustomBuild Include="C:\Users\Chris\Source\Repos\OpenGL\GLM\CMakeFiles\769287fef13e3456032cf4625886f8e6\INSTALL_force.rule">
      <Filter>CMake Rules</Filter>
    </CustomBuild>
  </ItemGroup>
  <ItemGroup>
    <Filter Include="CMake Rules">
      <UniqueIdentifier>{EADF49A2-9688-332B-A013-C7037928C54B}</UniqueIdentifier>
    </Filter>
  </ItemGroup>
</Project>
