Microsoft Visual Studio Solution File, Format Version 12.00
# Visual Studio 14
Project("{2150E333-8FDC-42A3-9474-1A3956D46DE8}") = "CMakePredefinedTargets", "CMakePredefinedTargets", "{3BF3691F-33C2-3558-86FD-6C82E576DEBE}"
EndProject
Project("{2150E333-8FDC-42A3-9474-1A3956D46DE8}") = "GLFW3", "GLFW3", "{586EDFA0-9048-32FF-ADD5-E09BB13283B3}"
EndProject
Project("{2150E333-8FDC-42A3-9474-1A3956D46DE8}") = "Examples", "GLFW3\Examples", "{EC8967BA-01A1-31C4-B666-2102FA431863}"
EndProject
Project("{2150E333-8FDC-42A3-9474-1A3956D46DE8}") = "Tests", "GLFW3\Tests", "{81500AAD-C809-3D57-AEB1-381967A329A8}"
EndProject
Project("{8BC9CEB8-8B4A-11D0-8D11-00A0C91BC942}") = "ALL_BUILD", "ALL_BUILD.vcxproj", "{1607F2B8-8246-366E-A067-F459D7DFA5AE}"
	ProjectSection(ProjectDependencies) = postProject
		{FC6D41E3-32F4-3FE1-939A-2E01631FD226} = {FC6D41E3-32F4-3FE1-939A-2E01631FD226}
		{3054F350-36C5-3743-BEEA-26F68A23659A} = {3054F350-36C5-3743-BEEA-26F68A23659A}
		{C42B1BFE-4456-3DDE-BC84-792149579FE0} = {C42B1BFE-4456-3DDE-BC84-792149579FE0}
		{2E258E77-E6B6-3F61-9E24-0F66F50BFB7C} = {2E258E77-E6B6-3F61-9E24-0F66F50BFB7C}
		{245A613C-898C-325E-AC28-FEEAFE2FE129} = {245A613C-898C-325E-AC28-FEEAFE2FE129}
		{1871A452-6047-3743-89D1-D18154A53443} = {1871A452-6047-3743-89D1-D18154A53443}
		{1A434F16-80F4-389D-B94D-9918C6DCC2DC} = {1A434F16-80F4-389D-B94D-9918C6DCC2DC}
		{B45F88E2-D8D7-394F-9A88-D5CFA82D6E05} = {B45F88E2-D8D7-394F-9A88-D5CFA82D6E05}
		{C8C4CCBC-440D-3943-BD36-391090E98C0F} = {C8C4CCBC-440D-3943-BD36-391090E98C0F}
		{84A812DF-1C83-36F1-9F30-6A5F7B3DC476} = {84A812DF-1C83-36F1-9F30-6A5F7B3DC476}
		{FA1623CE-8340-3793-BF26-F031C5D67B04} = {FA1623CE-8340-3793-BF26-F031C5D67B04}
		{39092D01-2829-36C5-A422-375473F95E99} = {39092D01-2829-36C5-A422-375473F95E99}
		{11227934-1AE8-3989-834D-56B7DA542A5C} = {11227934-1AE8-3989-834D-56B7DA542A5C}
		{C419EA02-C87A-39D7-A612-67F6F018A6FF} = {C419EA02-C87A-39D7-A612-67F6F018A6FF}
		{3934DA62-041D-30DE-84D8-641DEC89E0A6} = {3934DA62-041D-30DE-84D8-641DEC89E0A6}
		{4C59E421-A6E9-3FA5-A1BA-6D98AEE4DCF0} = {4C59E421-A6E9-3FA5-A1BA-6D98AEE4DCF0}
		{174098C3-7803-3742-9D49-03D92BB252F6} = {174098C3-7803-3742-9D49-03D92BB252F6}
		{70CFD355-03C8-3B79-8CE6-E34B2FB3F1A3} = {70CFD355-03C8-3B79-8CE6-E34B2FB3F1A3}
		{A8149B4B-FFA6-39B4-AA5C-84E045750405} = {A8149B4B-FFA6-39B4-AA5C-84E045750405}
		{AB08E4B1-7E32-35EE-867A-06AC02D54064} = {AB08E4B1-7E32-35EE-867A-06AC02D54064}
		{A37EFDE7-C376-3BBA-B5A4-2A7BF0C0A02D} = {A37EFDE7-C376-3BBA-B5A4-2A7BF0C0A02D}
		{801A84B0-375B-346D-A8F6-14484D697795} = {801A84B0-375B-346D-A8F6-14484D697795}
		{FB6CD547-74A0-32BF-8B65-EAF4B525FEE2} = {FB6CD547-74A0-32BF-8B65-EAF4B525FEE2}
		{4E6692B2-57DE-3F52-A2FF-11C3E4841CC0} = {4E6692B2-57DE-3F52-A2FF-11C3E4841CC0}
		{70C5B27B-539B-3001-89C9-4011B261FBAE} = {70C5B27B-539B-3001-89C9-4011B261FBAE}
		{330EDF4E-93B5-3705-853D-39173232DE34} = {330EDF4E-93B5-3705-853D-39173232DE34}
		{3C329D3C-CF6F-30DE-A87B-B87601409068} = {3C329D3C-CF6F-30DE-A87B-B87601409068}
	EndProjectSection
EndProject
Project("{8BC9CEB8-8B4A-11D0-8D11-00A0C91BC942}") = "INSTALL", "INSTALL.vcxproj", "{1B850FC5-2843-3128-B08B-1261EE9AF7A6}"
	ProjectSection(ProjectDependencies) = postProject
		{1607F2B8-8246-366E-A067-F459D7DFA5AE} = {1607F2B8-8246-366E-A067-F459D7DFA5AE}
		{FC6D41E3-32F4-3FE1-939A-2E01631FD226} = {FC6D41E3-32F4-3FE1-939A-2E01631FD226}
	EndProjectSection
EndProject
Project("{8BC9CEB8-8B4A-11D0-8D11-00A0C91BC942}") = "ZERO_CHECK", "ZERO_CHECK.vcxproj", "{FC6D41E3-32F4-3FE1-939A-2E01631FD226}"
	ProjectSection(ProjectDependencies) = postProject
	EndProjectSection
EndProject
Project("{8BC9CEB8-8B4A-11D0-8D11-00A0C91BC942}") = "boing", "examples\boing.vcxproj", "{3054F350-36C5-3743-BEEA-26F68A23659A}"
	ProjectSection(ProjectDependencies) = postProject
		{FC6D41E3-32F4-3FE1-939A-2E01631FD226} = {FC6D41E3-32F4-3FE1-939A-2E01631FD226}
		{C8C4CCBC-440D-3943-BD36-391090E98C0F} = {C8C4CCBC-440D-3943-BD36-391090E98C0F}
	EndProjectSection
EndProject
Project("{8BC9CEB8-8B4A-11D0-8D11-00A0C91BC942}") = "clipboard", "tests\clipboard.vcxproj", "{C42B1BFE-4456-3DDE-BC84-792149579FE0}"
	ProjectSection(ProjectDependencies) = postProject
		{FC6D41E3-32F4-3FE1-939A-2E01631FD226} = {FC6D41E3-32F4-3FE1-939A-2E01631FD226}
		{C8C4CCBC-440D-3943-BD36-391090E98C0F} = {C8C4CCBC-440D-3943-BD36-391090E98C0F}
	EndProjectSection
EndProject
Project("{8BC9CEB8-8B4A-11D0-8D11-00A0C91BC942}") = "cursor", "tests\cursor.vcxproj", "{2E258E77-E6B6-3F61-9E24-0F66F50BFB7C}"
	ProjectSection(ProjectDependencies) = postProject
		{FC6D41E3-32F4-3FE1-939A-2E01631FD226} = {FC6D41E3-32F4-3FE1-939A-2E01631FD226}
		{C8C4CCBC-440D-3943-BD36-391090E98C0F} = {C8C4CCBC-440D-3943-BD36-391090E98C0F}
	EndProjectSection
EndProject
Project("{8BC9CEB8-8B4A-11D0-8D11-00A0C91BC942}") = "empty", "tests\empty.vcxproj", "{245A613C-898C-325E-AC28-FEEAFE2FE129}"
	ProjectSection(ProjectDependencies) = postProject
		{FC6D41E3-32F4-3FE1-939A-2E01631FD226} = {FC6D41E3-32F4-3FE1-939A-2E01631FD226}
		{C8C4CCBC-440D-3943-BD36-391090E98C0F} = {C8C4CCBC-440D-3943-BD36-391090E98C0F}
	EndProjectSection
EndProject
Project("{8BC9CEB8-8B4A-11D0-8D11-00A0C91BC942}") = "events", "tests\events.vcxproj", "{1871A452-6047-3743-89D1-D18154A53443}"
	ProjectSection(ProjectDependencies) = postProject
		{FC6D41E3-32F4-3FE1-939A-2E01631FD226} = {FC6D41E3-32F4-3FE1-939A-2E01631FD226}
		{C8C4CCBC-440D-3943-BD36-391090E98C0F} = {C8C4CCBC-440D-3943-BD36-391090E98C0F}
	EndProjectSection
EndProject
Project("{8BC9CEB8-8B4A-11D0-8D11-00A0C91BC942}") = "gamma", "tests\gamma.vcxproj", "{1A434F16-80F4-389D-B94D-9918C6DCC2DC}"
	ProjectSection(ProjectDependencies) = postProject
		{FC6D41E3-32F4-3FE1-939A-2E01631FD226} = {FC6D41E3-32F4-3FE1-939A-2E01631FD226}
		{C8C4CCBC-440D-3943-BD36-391090E98C0F} = {C8C4CCBC-440D-3943-BD36-391090E98C0F}
	EndProjectSection
EndProject
Project("{8BC9CEB8-8B4A-11D0-8D11-00A0C91BC942}") = "gears", "examples\gears.vcxproj", "{B45F88E2-D8D7-394F-9A88-D5CFA82D6E05}"
	ProjectSection(ProjectDependencies) = postProject
		{FC6D41E3-32F4-3FE1-939A-2E01631FD226} = {FC6D41E3-32F4-3FE1-939A-2E01631FD226}
		{C8C4CCBC-440D-3943-BD36-391090E98C0F} = {C8C4CCBC-440D-3943-BD36-391090E98C0F}
	EndProjectSection
EndProject
Project("{8BC9CEB8-8B4A-11D0-8D11-00A0C91BC942}") = "glfw", "src\glfw.vcxproj", "{C8C4CCBC-440D-3943-BD36-391090E98C0F}"
	ProjectSection(ProjectDependencies) = postProject
		{FC6D41E3-32F4-3FE1-939A-2E01631FD226} = {FC6D41E3-32F4-3FE1-939A-2E01631FD226}
	EndProjectSection
EndProject
Project("{8BC9CEB8-8B4A-11D0-8D11-00A0C91BC942}") = "glfwinfo", "tests\glfwinfo.vcxproj", "{84A812DF-1C83-36F1-9F30-6A5F7B3DC476}"
	ProjectSection(ProjectDependencies) = postProject
		{FC6D41E3-32F4-3FE1-939A-2E01631FD226} = {FC6D41E3-32F4-3FE1-939A-2E01631FD226}
		{C8C4CCBC-440D-3943-BD36-391090E98C0F} = {C8C4CCBC-440D-3943-BD36-391090E98C0F}
	EndProjectSection
EndProject
Project("{8BC9CEB8-8B4A-11D0-8D11-00A0C91BC942}") = "heightmap", "examples\heightmap.vcxproj", "{FA1623CE-8340-3793-BF26-F031C5D67B04}"
	ProjectSection(ProjectDependencies) = postProject
		{FC6D41E3-32F4-3FE1-939A-2E01631FD226} = {FC6D41E3-32F4-3FE1-939A-2E01631FD226}
		{C8C4CCBC-440D-3943-BD36-391090E98C0F} = {C8C4CCBC-440D-3943-BD36-391090E98C0F}
	EndProjectSection
EndProject
Project("{8BC9CEB8-8B4A-11D0-8D11-00A0C91BC942}") = "icon", "tests\icon.vcxproj", "{39092D01-2829-36C5-A422-375473F95E99}"
	ProjectSection(ProjectDependencies) = postProject
		{FC6D41E3-32F4-3FE1-939A-2E01631FD226} = {FC6D41E3-32F4-3FE1-939A-2E01631FD226}
		{C8C4CCBC-440D-3943-BD36-391090E98C0F} = {C8C4CCBC-440D-3943-BD36-391090E98C0F}
	EndProjectSection
EndProject
Project("{8BC9CEB8-8B4A-11D0-8D11-00A0C91BC942}") = "iconify", "tests\iconify.vcxproj", "{11227934-1AE8-3989-834D-56B7DA542A5C}"
	ProjectSection(ProjectDependencies) = postProject
		{FC6D41E3-32F4-3FE1-939A-2E01631FD226} = {FC6D41E3-32F4-3FE1-939A-2E01631FD226}
		{C8C4CCBC-440D-3943-BD36-391090E98C0F} = {C8C4CCBC-440D-3943-BD36-391090E98C0F}
	EndProjectSection
EndProject
Project("{8BC9CEB8-8B4A-11D0-8D11-00A0C91BC942}") = "joysticks", "tests\joysticks.vcxproj", "{C419EA02-C87A-39D7-A612-67F6F018A6FF}"
	ProjectSection(ProjectDependencies) = postProject
		{FC6D41E3-32F4-3FE1-939A-2E01631FD226} = {FC6D41E3-32F4-3FE1-939A-2E01631FD226}
		{C8C4CCBC-440D-3943-BD36-391090E98C0F} = {C8C4CCBC-440D-3943-BD36-391090E98C0F}
	EndProjectSection
EndProject
Project("{8BC9CEB8-8B4A-11D0-8D11-00A0C91BC942}") = "monitors", "tests\monitors.vcxproj", "{3934DA62-041D-30DE-84D8-641DEC89E0A6}"
	ProjectSection(ProjectDependencies) = postProject
		{FC6D41E3-32F4-3FE1-939A-2E01631FD226} = {FC6D41E3-32F4-3FE1-939A-2E01631FD226}
		{C8C4CCBC-440D-3943-BD36-391090E98C0F} = {C8C4CCBC-440D-3943-BD36-391090E98C0F}
	EndProjectSection
EndProject
Project("{8BC9CEB8-8B4A-11D0-8D11-00A0C91BC942}") = "msaa", "tests\msaa.vcxproj", "{4C59E421-A6E9-3FA5-A1BA-6D98AEE4DCF0}"
	ProjectSection(ProjectDependencies) = postProject
		{FC6D41E3-32F4-3FE1-939A-2E01631FD226} = {FC6D41E3-32F4-3FE1-939A-2E01631FD226}
		{C8C4CCBC-440D-3943-BD36-391090E98C0F} = {C8C4CCBC-440D-3943-BD36-391090E98C0F}
	EndProjectSection
EndProject
Project("{8BC9CEB8-8B4A-11D0-8D11-00A0C91BC942}") = "particles", "examples\particles.vcxproj", "{174098C3-7803-3742-9D49-03D92BB252F6}"
	ProjectSection(ProjectDependencies) = postProject
		{FC6D41E3-32F4-3FE1-939A-2E01631FD226} = {FC6D41E3-32F4-3FE1-939A-2E01631FD226}
		{C8C4CCBC-440D-3943-BD36-391090E98C0F} = {C8C4CCBC-440D-3943-BD36-391090E98C0F}
	EndProjectSection
EndProject
Project("{8BC9CEB8-8B4A-11D0-8D11-00A0C91BC942}") = "reopen", "tests\reopen.vcxproj", "{70CFD355-03C8-3B79-8CE6-E34B2FB3F1A3}"
	ProjectSection(ProjectDependencies) = postProject
		{FC6D41E3-32F4-3FE1-939A-2E01631FD226} = {FC6D41E3-32F4-3FE1-939A-2E01631FD226}
		{C8C4CCBC-440D-3943-BD36-391090E98C0F} = {C8C4CCBC-440D-3943-BD36-391090E98C0F}
	EndProjectSection
EndProject
Project("{8BC9CEB8-8B4A-11D0-8D11-00A0C91BC942}") = "sharing", "tests\sharing.vcxproj", "{A8149B4B-FFA6-39B4-AA5C-84E045750405}"
	ProjectSection(ProjectDependencies) = postProject
		{FC6D41E3-32F4-3FE1-939A-2E01631FD226} = {FC6D41E3-32F4-3FE1-939A-2E01631FD226}
		{C8C4CCBC-440D-3943-BD36-391090E98C0F} = {C8C4CCBC-440D-3943-BD36-391090E98C0F}
	EndProjectSection
EndProject
Project("{8BC9CEB8-8B4A-11D0-8D11-00A0C91BC942}") = "simple", "examples\simple.vcxproj", "{AB08E4B1-7E32-35EE-867A-06AC02D54064}"
	ProjectSection(ProjectDependencies) = postProject
		{FC6D41E3-32F4-3FE1-939A-2E01631FD226} = {FC6D41E3-32F4-3FE1-939A-2E01631FD226}
		{C8C4CCBC-440D-3943-BD36-391090E98C0F} = {C8C4CCBC-440D-3943-BD36-391090E98C0F}
	EndProjectSection
EndProject
Project("{8BC9CEB8-8B4A-11D0-8D11-00A0C91BC942}") = "splitview", "examples\splitview.vcxproj", "{A37EFDE7-C376-3BBA-B5A4-2A7BF0C0A02D}"
	ProjectSection(ProjectDependencies) = postProject
		{FC6D41E3-32F4-3FE1-939A-2E01631FD226} = {FC6D41E3-32F4-3FE1-939A-2E01631FD226}
		{C8C4CCBC-440D-3943-BD36-391090E98C0F} = {C8C4CCBC-440D-3943-BD36-391090E98C0F}
	EndProjectSection
EndProject
Project("{8BC9CEB8-8B4A-11D0-8D11-00A0C91BC942}") = "tearing", "tests\tearing.vcxproj", "{801A84B0-375B-346D-A8F6-14484D697795}"
	ProjectSection(ProjectDependencies) = postProject
		{FC6D41E3-32F4-3FE1-939A-2E01631FD226} = {FC6D41E3-32F4-3FE1-939A-2E01631FD226}
		{C8C4CCBC-440D-3943-BD36-391090E98C0F} = {C8C4CCBC-440D-3943-BD36-391090E98C0F}
	EndProjectSection
EndProject
Project("{8BC9CEB8-8B4A-11D0-8D11-00A0C91BC942}") = "threads", "tests\threads.vcxproj", "{FB6CD547-74A0-32BF-8B65-EAF4B525FEE2}"
	ProjectSection(ProjectDependencies) = postProject
		{FC6D41E3-32F4-3FE1-939A-2E01631FD226} = {FC6D41E3-32F4-3FE1-939A-2E01631FD226}
		{C8C4CCBC-440D-3943-BD36-391090E98C0F} = {C8C4CCBC-440D-3943-BD36-391090E98C0F}
	EndProjectSection
EndProject
Project("{8BC9CEB8-8B4A-11D0-8D11-00A0C91BC942}") = "timeout", "tests\timeout.vcxproj", "{4E6692B2-57DE-3F52-A2FF-11C3E4841CC0}"
	ProjectSection(ProjectDependencies) = postProject
		{FC6D41E3-32F4-3FE1-939A-2E01631FD226} = {FC6D41E3-32F4-3FE1-939A-2E01631FD226}
		{C8C4CCBC-440D-3943-BD36-391090E98C0F} = {C8C4CCBC-440D-3943-BD36-391090E98C0F}
	EndProjectSection
EndProject
Project("{8BC9CEB8-8B4A-11D0-8D11-00A0C91BC942}") = "title", "tests\title.vcxproj", "{70C5B27B-539B-3001-89C9-4011B261FBAE}"
	ProjectSection(ProjectDependencies) = postProject
		{FC6D41E3-32F4-3FE1-939A-2E01631FD226} = {FC6D41E3-32F4-3FE1-939A-2E01631FD226}
		{C8C4CCBC-440D-3943-BD36-391090E98C0F} = {C8C4CCBC-440D-3943-BD36-391090E98C0F}
	EndProjectSection
EndProject
Project("{8BC9CEB8-8B4A-11D0-8D11-00A0C91BC942}") = "uninstall", "uninstall.vcxproj", "{DDC70B36-166C-3163-8ADD-4499FABE0B04}"
	ProjectSection(ProjectDependencies) = postProject
		{FC6D41E3-32F4-3FE1-939A-2E01631FD226} = {FC6D41E3-32F4-3FE1-939A-2E01631FD226}
	EndProjectSection
EndProject
Project("{8BC9CEB8-8B4A-11D0-8D11-00A0C91BC942}") = "wave", "examples\wave.vcxproj", "{330EDF4E-93B5-3705-853D-39173232DE34}"
	ProjectSection(ProjectDependencies) = postProject
		{FC6D41E3-32F4-3FE1-939A-2E01631FD226} = {FC6D41E3-32F4-3FE1-939A-2E01631FD226}
		{C8C4CCBC-440D-3943-BD36-391090E98C0F} = {C8C4CCBC-440D-3943-BD36-391090E98C0F}
	EndProjectSection
EndProject
Project("{8BC9CEB8-8B4A-11D0-8D11-00A0C91BC942}") = "windows", "tests\windows.vcxproj", "{3C329D3C-CF6F-30DE-A87B-B87601409068}"
	ProjectSection(ProjectDependencies) = postProject
		{FC6D41E3-32F4-3FE1-939A-2E01631FD226} = {FC6D41E3-32F4-3FE1-939A-2E01631FD226}
		{C8C4CCBC-440D-3943-BD36-391090E98C0F} = {C8C4CCBC-440D-3943-BD36-391090E98C0F}
	EndProjectSection
EndProject
Global
	GlobalSection(SolutionConfigurationPlatforms) = preSolution
		Debug|x64 = Debug|x64
		Release|x64 = Release|x64
		MinSizeRel|x64 = MinSizeRel|x64
		RelWithDebInfo|x64 = RelWithDebInfo|x64
	EndGlobalSection
	GlobalSection(ProjectConfigurationPlatforms) = postSolution
		{1607F2B8-8246-366E-A067-F459D7DFA5AE}.Debug|x64.ActiveCfg = Debug|x64
		{1607F2B8-8246-366E-A067-F459D7DFA5AE}.Debug|x64.Build.0 = Debug|x64
		{1607F2B8-8246-366E-A067-F459D7DFA5AE}.Release|x64.ActiveCfg = Release|x64
		{1607F2B8-8246-366E-A067-F459D7DFA5AE}.Release|x64.Build.0 = Release|x64
		{1607F2B8-8246-366E-A067-F459D7DFA5AE}.MinSizeRel|x64.ActiveCfg = MinSizeRel|x64
		{1607F2B8-8246-366E-A067-F459D7DFA5AE}.MinSizeRel|x64.Build.0 = MinSizeRel|x64
		{1607F2B8-8246-366E-A067-F459D7DFA5AE}.RelWithDebInfo|x64.ActiveCfg = RelWithDebInfo|x64
		{1607F2B8-8246-366E-A067-F459D7DFA5AE}.RelWithDebInfo|x64.Build.0 = RelWithDebInfo|x64
		{1B850FC5-2843-3128-B08B-1261EE9AF7A6}.Debug|x64.ActiveCfg = Debug|x64
		{1B850FC5-2843-3128-B08B-1261EE9AF7A6}.Release|x64.ActiveCfg = Release|x64
		{1B850FC5-2843-3128-B08B-1261EE9AF7A6}.MinSizeRel|x64.ActiveCfg = MinSizeRel|x64
		{1B850FC5-2843-3128-B08B-1261EE9AF7A6}.RelWithDebInfo|x64.ActiveCfg = RelWithDebInfo|x64
		{FC6D41E3-32F4-3FE1-939A-2E01631FD226}.Debug|x64.ActiveCfg = Debug|x64
		{FC6D41E3-32F4-3FE1-939A-2E01631FD226}.Debug|x64.Build.0 = Debug|x64
		{FC6D41E3-32F4-3FE1-939A-2E01631FD226}.Release|x64.ActiveCfg = Release|x64
		{FC6D41E3-32F4-3FE1-939A-2E01631FD226}.Release|x64.Build.0 = Release|x64
		{FC6D41E3-32F4-3FE1-939A-2E01631FD226}.MinSizeRel|x64.ActiveCfg = MinSizeRel|x64
		{FC6D41E3-32F4-3FE1-939A-2E01631FD226}.MinSizeRel|x64.Build.0 = MinSizeRel|x64
		{FC6D41E3-32F4-3FE1-939A-2E01631FD226}.RelWithDebInfo|x64.ActiveCfg = RelWithDebInfo|x64
		{FC6D41E3-32F4-3FE1-939A-2E01631FD226}.RelWithDebInfo|x64.Build.0 = RelWithDebInfo|x64
		{3054F350-36C5-3743-BEEA-26F68A23659A}.Debug|x64.ActiveCfg = Debug|x64
		{3054F350-36C5-3743-BEEA-26F68A23659A}.Debug|x64.Build.0 = Debug|x64
		{3054F350-36C5-3743-BEEA-26F68A23659A}.Release|x64.ActiveCfg = Release|x64
		{3054F350-36C5-3743-BEEA-26F68A23659A}.Release|x64.Build.0 = Release|x64
		{3054F350-36C5-3743-BEEA-26F68A23659A}.MinSizeRel|x64.ActiveCfg = MinSizeRel|x64
		{3054F350-36C5-3743-BEEA-26F68A23659A}.MinSizeRel|x64.Build.0 = MinSizeRel|x64
		{3054F350-36C5-3743-BEEA-26F68A23659A}.RelWithDebInfo|x64.ActiveCfg = RelWithDebInfo|x64
		{3054F350-36C5-3743-BEEA-26F68A23659A}.RelWithDebInfo|x64.Build.0 = RelWithDebInfo|x64
		{C42B1BFE-4456-3DDE-BC84-792149579FE0}.Debug|x64.ActiveCfg = Debug|x64
		{C42B1BFE-4456-3DDE-BC84-792149579FE0}.Debug|x64.Build.0 = Debug|x64
		{C42B1BFE-4456-3DDE-BC84-792149579FE0}.Release|x64.ActiveCfg = Release|x64
		{C42B1BFE-4456-3DDE-BC84-792149579FE0}.Release|x64.Build.0 = Release|x64
		{C42B1BFE-4456-3DDE-BC84-792149579FE0}.MinSizeRel|x64.ActiveCfg = MinSizeRel|x64
		{C42B1BFE-4456-3DDE-BC84-792149579FE0}.MinSizeRel|x64.Build.0 = MinSizeRel|x64
		{C42B1BFE-4456-3DDE-BC84-792149579FE0}.RelWithDebInfo|x64.ActiveCfg = RelWithDebInfo|x64
		{C42B1BFE-4456-3DDE-BC84-792149579FE0}.RelWithDebInfo|x64.Build.0 = RelWithDebInfo|x64
		{2E258E77-E6B6-3F61-9E24-0F66F50BFB7C}.Debug|x64.ActiveCfg = Debug|x64
		{2E258E77-E6B6-3F61-9E24-0F66F50BFB7C}.Debug|x64.Build.0 = Debug|x64
		{2E258E77-E6B6-3F61-9E24-0F66F50BFB7C}.Release|x64.ActiveCfg = Release|x64
		{2E258E77-E6B6-3F61-9E24-0F66F50BFB7C}.Release|x64.Build.0 = Release|x64
		{2E258E77-E6B6-3F61-9E24-0F66F50BFB7C}.MinSizeRel|x64.ActiveCfg = MinSizeRel|x64
		{2E258E77-E6B6-3F61-9E24-0F66F50BFB7C}.MinSizeRel|x64.Build.0 = MinSizeRel|x64
		{2E258E77-E6B6-3F61-9E24-0F66F50BFB7C}.RelWithDebInfo|x64.ActiveCfg = RelWithDebInfo|x64
		{2E258E77-E6B6-3F61-9E24-0F66F50BFB7C}.RelWithDebInfo|x64.Build.0 = RelWithDebInfo|x64
		{245A613C-898C-325E-AC28-FEEAFE2FE129}.Debug|x64.ActiveCfg = Debug|x64
		{245A613C-898C-325E-AC28-FEEAFE2FE129}.Debug|x64.Build.0 = Debug|x64
		{245A613C-898C-325E-AC28-FEEAFE2FE129}.Release|x64.ActiveCfg = Release|x64
		{245A613C-898C-325E-AC28-FEEAFE2FE129}.Release|x64.Build.0 = Release|x64
		{245A613C-898C-325E-AC28-FEEAFE2FE129}.MinSizeRel|x64.ActiveCfg = MinSizeRel|x64
		{245A613C-898C-325E-AC28-FEEAFE2FE129}.MinSizeRel|x64.Build.0 = MinSizeRel|x64
		{245A613C-898C-325E-AC28-FEEAFE2FE129}.RelWithDebInfo|x64.ActiveCfg = RelWithDebInfo|x64
		{245A613C-898C-325E-AC28-FEEAFE2FE129}.RelWithDebInfo|x64.Build.0 = RelWithDebInfo|x64
		{1871A452-6047-3743-89D1-D18154A53443}.Debug|x64.ActiveCfg = Debug|x64
		{1871A452-6047-3743-89D1-D18154A53443}.Debug|x64.Build.0 = Debug|x64
		{1871A452-6047-3743-89D1-D18154A53443}.Release|x64.ActiveCfg = Release|x64
		{1871A452-6047-3743-89D1-D18154A53443}.Release|x64.Build.0 = Release|x64
		{1871A452-6047-3743-89D1-D18154A53443}.MinSizeRel|x64.ActiveCfg = MinSizeRel|x64
		{1871A452-6047-3743-89D1-D18154A53443}.MinSizeRel|x64.Build.0 = MinSizeRel|x64
		{1871A452-6047-3743-89D1-D18154A53443}.RelWithDebInfo|x64.ActiveCfg = RelWithDebInfo|x64
		{1871A452-6047-3743-89D1-D18154A53443}.RelWithDebInfo|x64.Build.0 = RelWithDebInfo|x64
		{1A434F16-80F4-389D-B94D-9918C6DCC2DC}.Debug|x64.ActiveCfg = Debug|x64
		{1A434F16-80F4-389D-B94D-9918C6DCC2DC}.Debug|x64.Build.0 = Debug|x64
		{1A434F16-80F4-389D-B94D-9918C6DCC2DC}.Release|x64.ActiveCfg = Release|x64
		{1A434F16-80F4-389D-B94D-9918C6DCC2DC}.Release|x64.Build.0 = Release|x64
		{1A434F16-80F4-389D-B94D-9918C6DCC2DC}.MinSizeRel|x64.ActiveCfg = MinSizeRel|x64
		{1A434F16-80F4-389D-B94D-9918C6DCC2DC}.MinSizeRel|x64.Build.0 = MinSizeRel|x64
		{1A434F16-80F4-389D-B94D-9918C6DCC2DC}.RelWithDebInfo|x64.ActiveCfg = RelWithDebInfo|x64
		{1A434F16-80F4-389D-B94D-9918C6DCC2DC}.RelWithDebInfo|x64.Build.0 = RelWithDebInfo|x64
		{B45F88E2-D8D7-394F-9A88-D5CFA82D6E05}.Debug|x64.ActiveCfg = Debug|x64
		{B45F88E2-D8D7-394F-9A88-D5CFA82D6E05}.Debug|x64.Build.0 = Debug|x64
		{B45F88E2-D8D7-394F-9A88-D5CFA82D6E05}.Release|x64.ActiveCfg = Release|x64
		{B45F88E2-D8D7-394F-9A88-D5CFA82D6E05}.Release|x64.Build.0 = Release|x64
		{B45F88E2-D8D7-394F-9A88-D5CFA82D6E05}.MinSizeRel|x64.ActiveCfg = MinSizeRel|x64
		{B45F88E2-D8D7-394F-9A88-D5CFA82D6E05}.MinSizeRel|x64.Build.0 = MinSizeRel|x64
		{B45F88E2-D8D7-394F-9A88-D5CFA82D6E05}.RelWithDebInfo|x64.ActiveCfg = RelWithDebInfo|x64
		{B45F88E2-D8D7-394F-9A88-D5CFA82D6E05}.RelWithDebInfo|x64.Build.0 = RelWithDebInfo|x64
		{C8C4CCBC-440D-3943-BD36-391090E98C0F}.Debug|x64.ActiveCfg = Debug|x64
		{C8C4CCBC-440D-3943-BD36-391090E98C0F}.Debug|x64.Build.0 = Debug|x64
		{C8C4CCBC-440D-3943-BD36-391090E98C0F}.Release|x64.ActiveCfg = Release|x64
		{C8C4CCBC-440D-3943-BD36-391090E98C0F}.Release|x64.Build.0 = Release|x64
		{C8C4CCBC-440D-3943-BD36-391090E98C0F}.MinSizeRel|x64.ActiveCfg = MinSizeRel|x64
		{C8C4CCBC-440D-3943-BD36-391090E98C0F}.MinSizeRel|x64.Build.0 = MinSizeRel|x64
		{C8C4CCBC-440D-3943-BD36-391090E98C0F}.RelWithDebInfo|x64.ActiveCfg = RelWithDebInfo|x64
		{C8C4CCBC-440D-3943-BD36-391090E98C0F}.RelWithDebInfo|x64.Build.0 = RelWithDebInfo|x64
		{84A812DF-1C83-36F1-9F30-6A5F7B3DC476}.Debug|x64.ActiveCfg = Debug|x64
		{84A812DF-1C83-36F1-9F30-6A5F7B3DC476}.Debug|x64.Build.0 = Debug|x64
		{84A812DF-1C83-36F1-9F30-6A5F7B3DC476}.Release|x64.ActiveCfg = Release|x64
		{84A812DF-1C83-36F1-9F30-6A5F7B3DC476}.Release|x64.Build.0 = Release|x64
		{84A812DF-1C83-36F1-9F30-6A5F7B3DC476}.MinSizeRel|x64.ActiveCfg = MinSizeRel|x64
		{84A812DF-1C83-36F1-9F30-6A5F7B3DC476}.MinSizeRel|x64.Build.0 = MinSizeRel|x64
		{84A812DF-1C83-36F1-9F30-6A5F7B3DC476}.RelWithDebInfo|x64.ActiveCfg = RelWithDebInfo|x64
		{84A812DF-1C83-36F1-9F30-6A5F7B3DC476}.RelWithDebInfo|x64.Build.0 = RelWithDebInfo|x64
		{FA1623CE-8340-3793-BF26-F031C5D67B04}.Debug|x64.ActiveCfg = Debug|x64
		{FA1623CE-8340-3793-BF26-F031C5D67B04}.Debug|x64.Build.0 = Debug|x64
		{FA1623CE-8340-3793-BF26-F031C5D67B04}.Release|x64.ActiveCfg = Release|x64
		{FA1623CE-8340-3793-BF26-F031C5D67B04}.Release|x64.Build.0 = Release|x64
		{FA1623CE-8340-3793-BF26-F031C5D67B04}.MinSizeRel|x64.ActiveCfg = MinSizeRel|x64
		{FA1623CE-8340-3793-BF26-F031C5D67B04}.MinSizeRel|x64.Build.0 = MinSizeRel|x64
		{FA1623CE-8340-3793-BF26-F031C5D67B04}.RelWithDebInfo|x64.ActiveCfg = RelWithDebInfo|x64
		{FA1623CE-8340-3793-BF26-F031C5D67B04}.RelWithDebInfo|x64.Build.0 = RelWithDebInfo|x64
		{39092D01-2829-36C5-A422-375473F95E99}.Debug|x64.ActiveCfg = Debug|x64
		{39092D01-2829-36C5-A422-375473F95E99}.Debug|x64.Build.0 = Debug|x64
		{39092D01-2829-36C5-A422-375473F95E99}.Release|x64.ActiveCfg = Release|x64
		{39092D01-2829-36C5-A422-375473F95E99}.Release|x64.Build.0 = Release|x64
		{39092D01-2829-36C5-A422-375473F95E99}.MinSizeRel|x64.ActiveCfg = MinSizeRel|x64
		{39092D01-2829-36C5-A422-375473F95E99}.MinSizeRel|x64.Build.0 = MinSizeRel|x64
		{39092D01-2829-36C5-A422-375473F95E99}.RelWithDebInfo|x64.ActiveCfg = RelWithDebInfo|x64
		{39092D01-2829-36C5-A422-375473F95E99}.RelWithDebInfo|x64.Build.0 = RelWithDebInfo|x64
		{11227934-1AE8-3989-834D-56B7DA542A5C}.Debug|x64.ActiveCfg = Debug|x64
		{11227934-1AE8-3989-834D-56B7DA542A5C}.Debug|x64.Build.0 = Debug|x64
		{11227934-1AE8-3989-834D-56B7DA542A5C}.Release|x64.ActiveCfg = Release|x64
		{11227934-1AE8-3989-834D-56B7DA542A5C}.Release|x64.Build.0 = Release|x64
		{11227934-1AE8-3989-834D-56B7DA542A5C}.MinSizeRel|x64.ActiveCfg = MinSizeRel|x64
		{11227934-1AE8-3989-834D-56B7DA542A5C}.MinSizeRel|x64.Build.0 = MinSizeRel|x64
		{11227934-1AE8-3989-834D-56B7DA542A5C}.RelWithDebInfo|x64.ActiveCfg = RelWithDebInfo|x64
		{11227934-1AE8-3989-834D-56B7DA542A5C}.RelWithDebInfo|x64.Build.0 = RelWithDebInfo|x64
		{C419EA02-C87A-39D7-A612-67F6F018A6FF}.Debug|x64.ActiveCfg = Debug|x64
		{C419EA02-C87A-39D7-A612-67F6F018A6FF}.Debug|x64.Build.0 = Debug|x64
		{C419EA02-C87A-39D7-A612-67F6F018A6FF}.Release|x64.ActiveCfg = Release|x64
		{C419EA02-C87A-39D7-A612-67F6F018A6FF}.Release|x64.Build.0 = Release|x64
		{C419EA02-C87A-39D7-A612-67F6F018A6FF}.MinSizeRel|x64.ActiveCfg = MinSizeRel|x64
		{C419EA02-C87A-39D7-A612-67F6F018A6FF}.MinSizeRel|x64.Build.0 = MinSizeRel|x64
		{C419EA02-C87A-39D7-A612-67F6F018A6FF}.RelWithDebInfo|x64.ActiveCfg = RelWithDebInfo|x64
		{C419EA02-C87A-39D7-A612-67F6F018A6FF}.RelWithDebInfo|x64.Build.0 = RelWithDebInfo|x64
		{3934DA62-041D-30DE-84D8-641DEC89E0A6}.Debug|x64.ActiveCfg = Debug|x64
		{3934DA62-041D-30DE-84D8-641DEC89E0A6}.Debug|x64.Build.0 = Debug|x64
		{3934DA62-041D-30DE-84D8-641DEC89E0A6}.Release|x64.ActiveCfg = Release|x64
		{3934DA62-041D-30DE-84D8-641DEC89E0A6}.Release|x64.Build.0 = Release|x64
		{3934DA62-041D-30DE-84D8-641DEC89E0A6}.MinSizeRel|x64.ActiveCfg = MinSizeRel|x64
		{3934DA62-041D-30DE-84D8-641DEC89E0A6}.MinSizeRel|x64.Build.0 = MinSizeRel|x64
		{3934DA62-041D-30DE-84D8-641DEC89E0A6}.RelWithDebInfo|x64.ActiveCfg = RelWithDebInfo|x64
		{3934DA62-041D-30DE-84D8-641DEC89E0A6}.RelWithDebInfo|x64.Build.0 = RelWithDebInfo|x64
		{4C59E421-A6E9-3FA5-A1BA-6D98AEE4DCF0}.Debug|x64.ActiveCfg = Debug|x64
		{4C59E421-A6E9-3FA5-A1BA-6D98AEE4DCF0}.Debug|x64.Build.0 = Debug|x64
		{4C59E421-A6E9-3FA5-A1BA-6D98AEE4DCF0}.Release|x64.ActiveCfg = Release|x64
		{4C59E421-A6E9-3FA5-A1BA-6D98AEE4DCF0}.Release|x64.Build.0 = Release|x64
		{4C59E421-A6E9-3FA5-A1BA-6D98AEE4DCF0}.MinSizeRel|x64.ActiveCfg = MinSizeRel|x64
		{4C59E421-A6E9-3FA5-A1BA-6D98AEE4DCF0}.MinSizeRel|x64.Build.0 = MinSizeRel|x64
		{4C59E421-A6E9-3FA5-A1BA-6D98AEE4DCF0}.RelWithDebInfo|x64.ActiveCfg = RelWithDebInfo|x64
		{4C59E421-A6E9-3FA5-A1BA-6D98AEE4DCF0}.RelWithDebInfo|x64.Build.0 = RelWithDebInfo|x64
		{174098C3-7803-3742-9D49-03D92BB252F6}.Debug|x64.ActiveCfg = Debug|x64
		{174098C3-7803-3742-9D49-03D92BB252F6}.Debug|x64.Build.0 = Debug|x64
		{174098C3-7803-3742-9D49-03D92BB252F6}.Release|x64.ActiveCfg = Release|x64
		{174098C3-7803-3742-9D49-03D92BB252F6}.Release|x64.Build.0 = Release|x64
		{174098C3-7803-3742-9D49-03D92BB252F6}.MinSizeRel|x64.ActiveCfg = MinSizeRel|x64
		{174098C3-7803-3742-9D49-03D92BB252F6}.MinSizeRel|x64.Build.0 = MinSizeRel|x64
		{174098C3-7803-3742-9D49-03D92BB252F6}.RelWithDebInfo|x64.ActiveCfg = RelWithDebInfo|x64
		{174098C3-7803-3742-9D49-03D92BB252F6}.RelWithDebInfo|x64.Build.0 = RelWithDebInfo|x64
		{70CFD355-03C8-3B79-8CE6-E34B2FB3F1A3}.Debug|x64.ActiveCfg = Debug|x64
		{70CFD355-03C8-3B79-8CE6-E34B2FB3F1A3}.Debug|x64.Build.0 = Debug|x64
		{70CFD355-03C8-3B79-8CE6-E34B2FB3F1A3}.Release|x64.ActiveCfg = Release|x64
		{70CFD355-03C8-3B79-8CE6-E34B2FB3F1A3}.Release|x64.Build.0 = Release|x64
		{70CFD355-03C8-3B79-8CE6-E34B2FB3F1A3}.MinSizeRel|x64.ActiveCfg = MinSizeRel|x64
		{70CFD355-03C8-3B79-8CE6-E34B2FB3F1A3}.MinSizeRel|x64.Build.0 = MinSizeRel|x64
		{70CFD355-03C8-3B79-8CE6-E34B2FB3F1A3}.RelWithDebInfo|x64.ActiveCfg = RelWithDebInfo|x64
		{70CFD355-03C8-3B79-8CE6-E34B2FB3F1A3}.RelWithDebInfo|x64.Build.0 = RelWithDebInfo|x64
		{A8149B4B-FFA6-39B4-AA5C-84E045750405}.Debug|x64.ActiveCfg = Debug|x64
		{A8149B4B-FFA6-39B4-AA5C-84E045750405}.Debug|x64.Build.0 = Debug|x64
		{A8149B4B-FFA6-39B4-AA5C-84E045750405}.Release|x64.ActiveCfg = Release|x64
		{A8149B4B-FFA6-39B4-AA5C-84E045750405}.Release|x64.Build.0 = Release|x64
		{A8149B4B-FFA6-39B4-AA5C-84E045750405}.MinSizeRel|x64.ActiveCfg = MinSizeRel|x64
		{A8149B4B-FFA6-39B4-AA5C-84E045750405}.MinSizeRel|x64.Build.0 = MinSizeRel|x64
		{A8149B4B-FFA6-39B4-AA5C-84E045750405}.RelWithDebInfo|x64.ActiveCfg = RelWithDebInfo|x64
		{A8149B4B-FFA6-39B4-AA5C-84E045750405}.RelWithDebInfo|x64.Build.0 = RelWithDebInfo|x64
		{AB08E4B1-7E32-35EE-867A-06AC02D54064}.Debug|x64.ActiveCfg = Debug|x64
		{AB08E4B1-7E32-35EE-867A-06AC02D54064}.Debug|x64.Build.0 = Debug|x64
		{AB08E4B1-7E32-35EE-867A-06AC02D54064}.Release|x64.ActiveCfg = Release|x64
		{AB08E4B1-7E32-35EE-867A-06AC02D54064}.Release|x64.Build.0 = Release|x64
		{AB08E4B1-7E32-35EE-867A-06AC02D54064}.MinSizeRel|x64.ActiveCfg = MinSizeRel|x64
		{AB08E4B1-7E32-35EE-867A-06AC02D54064}.MinSizeRel|x64.Build.0 = MinSizeRel|x64
		{AB08E4B1-7E32-35EE-867A-06AC02D54064}.RelWithDebInfo|x64.ActiveCfg = RelWithDebInfo|x64
		{AB08E4B1-7E32-35EE-867A-06AC02D54064}.RelWithDebInfo|x64.Build.0 = RelWithDebInfo|x64
		{A37EFDE7-C376-3BBA-B5A4-2A7BF0C0A02D}.Debug|x64.ActiveCfg = Debug|x64
		{A37EFDE7-C376-3BBA-B5A4-2A7BF0C0A02D}.Debug|x64.Build.0 = Debug|x64
		{A37EFDE7-C376-3BBA-B5A4-2A7BF0C0A02D}.Release|x64.ActiveCfg = Release|x64
		{A37EFDE7-C376-3BBA-B5A4-2A7BF0C0A02D}.Release|x64.Build.0 = Release|x64
		{A37EFDE7-C376-3BBA-B5A4-2A7BF0C0A02D}.MinSizeRel|x64.ActiveCfg = MinSizeRel|x64
		{A37EFDE7-C376-3BBA-B5A4-2A7BF0C0A02D}.MinSizeRel|x64.Build.0 = MinSizeRel|x64
		{A37EFDE7-C376-3BBA-B5A4-2A7BF0C0A02D}.RelWithDebInfo|x64.ActiveCfg = RelWithDebInfo|x64
		{A37EFDE7-C376-3BBA-B5A4-2A7BF0C0A02D}.RelWithDebInfo|x64.Build.0 = RelWithDebInfo|x64
		{801A84B0-375B-346D-A8F6-14484D697795}.Debug|x64.ActiveCfg = Debug|x64
		{801A84B0-375B-346D-A8F6-14484D697795}.Debug|x64.Build.0 = Debug|x64
		{801A84B0-375B-346D-A8F6-14484D697795}.Release|x64.ActiveCfg = Release|x64
		{801A84B0-375B-346D-A8F6-14484D697795}.Release|x64.Build.0 = Release|x64
		{801A84B0-375B-346D-A8F6-14484D697795}.MinSizeRel|x64.ActiveCfg = MinSizeRel|x64
		{801A84B0-375B-346D-A8F6-14484D697795}.MinSizeRel|x64.Build.0 = MinSizeRel|x64
		{801A84B0-375B-346D-A8F6-14484D697795}.RelWithDebInfo|x64.ActiveCfg = RelWithDebInfo|x64
		{801A84B0-375B-346D-A8F6-14484D697795}.RelWithDebInfo|x64.Build.0 = RelWithDebInfo|x64
		{FB6CD547-74A0-32BF-8B65-EAF4B525FEE2}.Debug|x64.ActiveCfg = Debug|x64
		{FB6CD547-74A0-32BF-8B65-EAF4B525FEE2}.Debug|x64.Build.0 = Debug|x64
		{FB6CD547-74A0-32BF-8B65-EAF4B525FEE2}.Release|x64.ActiveCfg = Release|x64
		{FB6CD547-74A0-32BF-8B65-EAF4B525FEE2}.Release|x64.Build.0 = Release|x64
		{FB6CD547-74A0-32BF-8B65-EAF4B525FEE2}.MinSizeRel|x64.ActiveCfg = MinSizeRel|x64
		{FB6CD547-74A0-32BF-8B65-EAF4B525FEE2}.MinSizeRel|x64.Build.0 = MinSizeRel|x64
		{FB6CD547-74A0-32BF-8B65-EAF4B525FEE2}.RelWithDebInfo|x64.ActiveCfg = RelWithDebInfo|x64
		{FB6CD547-74A0-32BF-8B65-EAF4B525FEE2}.RelWithDebInfo|x64.Build.0 = RelWithDebInfo|x64
		{4E6692B2-57DE-3F52-A2FF-11C3E4841CC0}.Debug|x64.ActiveCfg = Debug|x64
		{4E6692B2-57DE-3F52-A2FF-11C3E4841CC0}.Debug|x64.Build.0 = Debug|x64
		{4E6692B2-57DE-3F52-A2FF-11C3E4841CC0}.Release|x64.ActiveCfg = Release|x64
		{4E6692B2-57DE-3F52-A2FF-11C3E4841CC0}.Release|x64.Build.0 = Release|x64
		{4E6692B2-57DE-3F52-A2FF-11C3E4841CC0}.MinSizeRel|x64.ActiveCfg = MinSizeRel|x64
		{4E6692B2-57DE-3F52-A2FF-11C3E4841CC0}.MinSizeRel|x64.Build.0 = MinSizeRel|x64
		{4E6692B2-57DE-3F52-A2FF-11C3E4841CC0}.RelWithDebInfo|x64.ActiveCfg = RelWithDebInfo|x64
		{4E6692B2-57DE-3F52-A2FF-11C3E4841CC0}.RelWithDebInfo|x64.Build.0 = RelWithDebInfo|x64
		{70C5B27B-539B-3001-89C9-4011B261FBAE}.Debug|x64.ActiveCfg = Debug|x64
		{70C5B27B-539B-3001-89C9-4011B261FBAE}.Debug|x64.Build.0 = Debug|x64
		{70C5B27B-539B-3001-89C9-4011B261FBAE}.Release|x64.ActiveCfg = Release|x64
		{70C5B27B-539B-3001-89C9-4011B261FBAE}.Release|x64.Build.0 = Release|x64
		{70C5B27B-539B-3001-89C9-4011B261FBAE}.MinSizeRel|x64.ActiveCfg = MinSizeRel|x64
		{70C5B27B-539B-3001-89C9-4011B261FBAE}.MinSizeRel|x64.Build.0 = MinSizeRel|x64
		{70C5B27B-539B-3001-89C9-4011B261FBAE}.RelWithDebInfo|x64.ActiveCfg = RelWithDebInfo|x64
		{70C5B27B-539B-3001-89C9-4011B261FBAE}.RelWithDebInfo|x64.Build.0 = RelWithDebInfo|x64
		{DDC70B36-166C-3163-8ADD-4499FABE0B04}.Debug|x64.ActiveCfg = Debug|x64
		{DDC70B36-166C-3163-8ADD-4499FABE0B04}.Release|x64.ActiveCfg = Release|x64
		{DDC70B36-166C-3163-8ADD-4499FABE0B04}.MinSizeRel|x64.ActiveCfg = MinSizeRel|x64
		{DDC70B36-166C-3163-8ADD-4499FABE0B04}.RelWithDebInfo|x64.ActiveCfg = RelWithDebInfo|x64
		{330EDF4E-93B5-3705-853D-39173232DE34}.Debug|x64.ActiveCfg = Debug|x64
		{330EDF4E-93B5-3705-853D-39173232DE34}.Debug|x64.Build.0 = Debug|x64
		{330EDF4E-93B5-3705-853D-39173232DE34}.Release|x64.ActiveCfg = Release|x64
		{330EDF4E-93B5-3705-853D-39173232DE34}.Release|x64.Build.0 = Release|x64
		{330EDF4E-93B5-3705-853D-39173232DE34}.MinSizeRel|x64.ActiveCfg = MinSizeRel|x64
		{330EDF4E-93B5-3705-853D-39173232DE34}.MinSizeRel|x64.Build.0 = MinSizeRel|x64
		{330EDF4E-93B5-3705-853D-39173232DE34}.RelWithDebInfo|x64.ActiveCfg = RelWithDebInfo|x64
		{330EDF4E-93B5-3705-853D-39173232DE34}.RelWithDebInfo|x64.Build.0 = RelWithDebInfo|x64
		{3C329D3C-CF6F-30DE-A87B-B87601409068}.Debug|x64.ActiveCfg = Debug|x64
		{3C329D3C-CF6F-30DE-A87B-B87601409068}.Debug|x64.Build.0 = Debug|x64
		{3C329D3C-CF6F-30DE-A87B-B87601409068}.Release|x64.ActiveCfg = Release|x64
		{3C329D3C-CF6F-30DE-A87B-B87601409068}.Release|x64.Build.0 = Release|x64
		{3C329D3C-CF6F-30DE-A87B-B87601409068}.MinSizeRel|x64.ActiveCfg = MinSizeRel|x64
		{3C329D3C-CF6F-30DE-A87B-B87601409068}.MinSizeRel|x64.Build.0 = MinSizeRel|x64
		{3C329D3C-CF6F-30DE-A87B-B87601409068}.RelWithDebInfo|x64.ActiveCfg = RelWithDebInfo|x64
		{3C329D3C-CF6F-30DE-A87B-B87601409068}.RelWithDebInfo|x64.Build.0 = RelWithDebInfo|x64
	EndGlobalSection
	GlobalSection(NestedProjects) = preSolution
		{1607F2B8-8246-366E-A067-F459D7DFA5AE} = {3BF3691F-33C2-3558-86FD-6C82E576DEBE}
		{1B850FC5-2843-3128-B08B-1261EE9AF7A6} = {3BF3691F-33C2-3558-86FD-6C82E576DEBE}
		{FC6D41E3-32F4-3FE1-939A-2E01631FD226} = {3BF3691F-33C2-3558-86FD-6C82E576DEBE}
		{EC8967BA-01A1-31C4-B666-2102FA431863} = {586EDFA0-9048-32FF-ADD5-E09BB13283B3}
		{81500AAD-C809-3D57-AEB1-381967A329A8} = {586EDFA0-9048-32FF-ADD5-E09BB13283B3}
		{C8C4CCBC-440D-3943-BD36-391090E98C0F} = {586EDFA0-9048-32FF-ADD5-E09BB13283B3}
		{3054F350-36C5-3743-BEEA-26F68A23659A} = {EC8967BA-01A1-31C4-B666-2102FA431863}
		{B45F88E2-D8D7-394F-9A88-D5CFA82D6E05} = {EC8967BA-01A1-31C4-B666-2102FA431863}
		{FA1623CE-8340-3793-BF26-F031C5D67B04} = {EC8967BA-01A1-31C4-B666-2102FA431863}
		{174098C3-7803-3742-9D49-03D92BB252F6} = {EC8967BA-01A1-31C4-B666-2102FA431863}
		{AB08E4B1-7E32-35EE-867A-06AC02D54064} = {EC8967BA-01A1-31C4-B666-2102FA431863}
		{A37EFDE7-C376-3BBA-B5A4-2A7BF0C0A02D} = {EC8967BA-01A1-31C4-B666-2102FA431863}
		{330EDF4E-93B5-3705-853D-39173232DE34} = {EC8967BA-01A1-31C4-B666-2102FA431863}
		{C42B1BFE-4456-3DDE-BC84-792149579FE0} = {81500AAD-C809-3D57-AEB1-381967A329A8}
		{2E258E77-E6B6-3F61-9E24-0F66F50BFB7C} = {81500AAD-C809-3D57-AEB1-381967A329A8}
		{245A613C-898C-325E-AC28-FEEAFE2FE129} = {81500AAD-C809-3D57-AEB1-381967A329A8}
		{1871A452-6047-3743-89D1-D18154A53443} = {81500AAD-C809-3D57-AEB1-381967A329A8}
		{1A434F16-80F4-389D-B94D-9918C6DCC2DC} = {81500AAD-C809-3D57-AEB1-381967A329A8}
		{84A812DF-1C83-36F1-9F30-6A5F7B3DC476} = {81500AAD-C809-3D57-AEB1-381967A329A8}
		{39092D01-2829-36C5-A422-375473F95E99} = {81500AAD-C809-3D57-AEB1-381967A329A8}
		{11227934-1AE8-3989-834D-56B7DA542A5C} = {81500AAD-C809-3D57-AEB1-381967A329A8}
		{C419EA02-C87A-39D7-A612-67F6F018A6FF} = {81500AAD-C809-3D57-AEB1-381967A329A8}
		{3934DA62-041D-30DE-84D8-641DEC89E0A6} = {81500AAD-C809-3D57-AEB1-381967A329A8}
		{4C59E421-A6E9-3FA5-A1BA-6D98AEE4DCF0} = {81500AAD-C809-3D57-AEB1-381967A329A8}
		{70CFD355-03C8-3B79-8CE6-E34B2FB3F1A3} = {81500AAD-C809-3D57-AEB1-381967A329A8}
		{A8149B4B-FFA6-39B4-AA5C-84E045750405} = {81500AAD-C809-3D57-AEB1-381967A329A8}
		{801A84B0-375B-346D-A8F6-14484D697795} = {81500AAD-C809-3D57-AEB1-381967A329A8}
		{FB6CD547-74A0-32BF-8B65-EAF4B525FEE2} = {81500AAD-C809-3D57-AEB1-381967A329A8}
		{4E6692B2-57DE-3F52-A2FF-11C3E4841CC0} = {81500AAD-C809-3D57-AEB1-381967A329A8}
		{70C5B27B-539B-3001-89C9-4011B261FBAE} = {81500AAD-C809-3D57-AEB1-381967A329A8}
		{3C329D3C-CF6F-30DE-A87B-B87601409068} = {81500AAD-C809-3D57-AEB1-381967A329A8}
	EndGlobalSection
	GlobalSection(ExtensibilityGlobals) = postSolution
	EndGlobalSection
	GlobalSection(ExtensibilityAddIns) = postSolution
	EndGlobalSection
EndGlobal
